// !$*UTF8*$!
{
	archiveVersion = 1;
	classes = {
	};
	objectVersion = 46;
	objects = {

/* Begin PBXBuildFile section */
		428228FF1B52A9D4001DB784 /* AppDelegate.swift in Sources */ = {isa = PBXBuildFile; fileRef = 428228FE1B52A9D4001DB784 /* AppDelegate.swift */; };
		428229011B52A9D4001DB784 /* ViewController.swift in Sources */ = {isa = PBXBuildFile; fileRef = 428229001B52A9D4001DB784 /* ViewController.swift */; };
		428229041B52A9D4001DB784 /* Main.storyboard in Resources */ = {isa = PBXBuildFile; fileRef = 428229021B52A9D4001DB784 /* Main.storyboard */; };
		428229061B52A9D4001DB784 /* Assets.xcassets in Resources */ = {isa = PBXBuildFile; fileRef = 428229051B52A9D4001DB784 /* Assets.xcassets */; };
		428229091B52A9D4001DB784 /* LaunchScreen.storyboard in Resources */ = {isa = PBXBuildFile; fileRef = 428229071B52A9D4001DB784 /* LaunchScreen.storyboard */; };
		428229121B52AA0D001DB784 /* Dispatcher.swift in Sources */ = {isa = PBXBuildFile; fileRef = 428229111B52AA0D001DB784 /* Dispatcher.swift */; };
		428229221B52ABC3001DB784 /* Dispatcher.swift in Sources */ = {isa = PBXBuildFile; fileRef = 428229111B52AA0D001DB784 /* Dispatcher.swift */; };
		42D27E351B558938007DCA59 /* DispatcherExampleTests.swift in Sources */ = {isa = PBXBuildFile; fileRef = 42D27E331B558938007DCA59 /* DispatcherExampleTests.swift */; };
		42D27E361B558938007DCA59 /* Info.plist in Resources */ = {isa = PBXBuildFile; fileRef = 42D27E341B558938007DCA59 /* Info.plist */; };
/* End PBXBuildFile section */

/* Begin PBXContainerItemProxy section */
		4282291C1B52AB65001DB784 /* PBXContainerItemProxy */ = {
			isa = PBXContainerItemProxy;
			containerPortal = 428228F31B52A9D4001DB784 /* Project object */;
			proxyType = 1;
			remoteGlobalIDString = 428228FA1B52A9D4001DB784;
			remoteInfo = DispatcherExample;
		};
/* End PBXContainerItemProxy section */

/* Begin PBXFileReference section */
		428228FB1B52A9D4001DB784 /* DispatcherExample.app */ = {isa = PBXFileReference; explicitFileType = wrapper.application; includeInIndex = 0; path = DispatcherExample.app; sourceTree = BUILT_PRODUCTS_DIR; };
		428228FE1B52A9D4001DB784 /* AppDelegate.swift */ = {isa = PBXFileReference; lastKnownFileType = sourcecode.swift; path = AppDelegate.swift; sourceTree = "<group>"; };
		428229001B52A9D4001DB784 /* ViewController.swift */ = {isa = PBXFileReference; lastKnownFileType = sourcecode.swift; path = ViewController.swift; sourceTree = "<group>"; };
		428229031B52A9D4001DB784 /* Base */ = {isa = PBXFileReference; lastKnownFileType = file.storyboard; name = Base; path = Base.lproj/Main.storyboard; sourceTree = "<group>"; };
		428229051B52A9D4001DB784 /* Assets.xcassets */ = {isa = PBXFileReference; lastKnownFileType = folder.assetcatalog; path = Assets.xcassets; sourceTree = "<group>"; };
		428229081B52A9D4001DB784 /* Base */ = {isa = PBXFileReference; lastKnownFileType = file.storyboard; name = Base; path = Base.lproj/LaunchScreen.storyboard; sourceTree = "<group>"; };
		4282290A1B52A9D4001DB784 /* Info.plist */ = {isa = PBXFileReference; lastKnownFileType = text.plist.xml; path = Info.plist; sourceTree = "<group>"; };
		428229111B52AA0D001DB784 /* Dispatcher.swift */ = {isa = PBXFileReference; fileEncoding = 4; lastKnownFileType = sourcecode.swift; name = Dispatcher.swift; path = ../../Dispatcher.swift; sourceTree = "<group>"; };
		428229171B52AB65001DB784 /* DispatcherExampleTests.xctest */ = {isa = PBXFileReference; explicitFileType = wrapper.cfbundle; includeInIndex = 0; path = DispatcherExampleTests.xctest; sourceTree = BUILT_PRODUCTS_DIR; };
		42D27E331B558938007DCA59 /* DispatcherExampleTests.swift */ = {isa = PBXFileReference; fileEncoding = 4; lastKnownFileType = sourcecode.swift; path = DispatcherExampleTests.swift; sourceTree = "<group>"; };
		42D27E341B558938007DCA59 /* Info.plist */ = {isa = PBXFileReference; fileEncoding = 4; lastKnownFileType = text.plist.xml; path = Info.plist; sourceTree = "<group>"; };
/* End PBXFileReference section */

/* Begin PBXFrameworksBuildPhase section */
		428228F81B52A9D4001DB784 /* Frameworks */ = {
			isa = PBXFrameworksBuildPhase;
			buildActionMask = 2147483647;
			files = (
			);
			runOnlyForDeploymentPostprocessing = 0;
		};
		428229141B52AB65001DB784 /* Frameworks */ = {
			isa = PBXFrameworksBuildPhase;
			buildActionMask = 2147483647;
			files = (
			);
			runOnlyForDeploymentPostprocessing = 0;
		};
/* End PBXFrameworksBuildPhase section */

/* Begin PBXGroup section */
		428228F21B52A9D4001DB784 = {
			isa = PBXGroup;
			children = (
				428228FD1B52A9D4001DB784 /* DispatcherExample */,
				42D27E321B558938007DCA59 /* Tests */,
				428228FC1B52A9D4001DB784 /* Products */,
			);
			sourceTree = "<group>";
		};
		428228FC1B52A9D4001DB784 /* Products */ = {
			isa = PBXGroup;
			children = (
				428228FB1B52A9D4001DB784 /* DispatcherExample.app */,
				428229171B52AB65001DB784 /* DispatcherExampleTests.xctest */,
			);
			name = Products;
			sourceTree = "<group>";
		};
		428228FD1B52A9D4001DB784 /* DispatcherExample */ = {
			isa = PBXGroup;
			children = (
				428229101B52AA04001DB784 /* Dispatcher */,
				428228FE1B52A9D4001DB784 /* AppDelegate.swift */,
				428229001B52A9D4001DB784 /* ViewController.swift */,
				428229021B52A9D4001DB784 /* Main.storyboard */,
				428229051B52A9D4001DB784 /* Assets.xcassets */,
				428229071B52A9D4001DB784 /* LaunchScreen.storyboard */,
				4282290A1B52A9D4001DB784 /* Info.plist */,
			);
			path = DispatcherExample;
			sourceTree = "<group>";
		};
		428229101B52AA04001DB784 /* Dispatcher */ = {
			isa = PBXGroup;
			children = (
				428229111B52AA0D001DB784 /* Dispatcher.swift */,
			);
			name = Dispatcher;
			sourceTree = "<group>";
		};
		42D27E321B558938007DCA59 /* Tests */ = {
			isa = PBXGroup;
			children = (
				42D27E331B558938007DCA59 /* DispatcherExampleTests.swift */,
				42D27E341B558938007DCA59 /* Info.plist */,
			);
			name = Tests;
			path = ../Tests;
			sourceTree = "<group>";
		};
/* End PBXGroup section */

/* Begin PBXNativeTarget section */
		428228FA1B52A9D4001DB784 /* DispatcherExample */ = {
			isa = PBXNativeTarget;
			buildConfigurationList = 4282290D1B52A9D4001DB784 /* Build configuration list for PBXNativeTarget "DispatcherExample" */;
			buildPhases = (
				428228F71B52A9D4001DB784 /* Sources */,
				428228F81B52A9D4001DB784 /* Frameworks */,
				428228F91B52A9D4001DB784 /* Resources */,
			);
			buildRules = (
			);
			dependencies = (
			);
			name = DispatcherExample;
			productName = DispatcherExample;
			productReference = 428228FB1B52A9D4001DB784 /* DispatcherExample.app */;
			productType = "com.apple.product-type.application";
		};
		428229161B52AB65001DB784 /* DispatcherExampleTests */ = {
			isa = PBXNativeTarget;
			buildConfigurationList = 4282291E1B52AB65001DB784 /* Build configuration list for PBXNativeTarget "DispatcherExampleTests" */;
			buildPhases = (
				428229131B52AB65001DB784 /* Sources */,
				428229141B52AB65001DB784 /* Frameworks */,
				428229151B52AB65001DB784 /* Resources */,
			);
			buildRules = (
			);
			dependencies = (
				4282291D1B52AB65001DB784 /* PBXTargetDependency */,
			);
			name = DispatcherExampleTests;
			productName = DispatcherExampleTests;
			productReference = 428229171B52AB65001DB784 /* DispatcherExampleTests.xctest */;
			productType = "com.apple.product-type.bundle.unit-test";
		};
/* End PBXNativeTarget section */

/* Begin PBXProject section */
		428228F31B52A9D4001DB784 /* Project object */ = {
			isa = PBXProject;
			attributes = {
				LastUpgradeCheck = 0700;
				ORGANIZATIONNAME = BRNBW;
				TargetAttributes = {
					428228FA1B52A9D4001DB784 = {
						CreatedOnToolsVersion = 7.0;
					};
					428229161B52AB65001DB784 = {
						CreatedOnToolsVersion = 7.0;
						TestTargetID = 428228FA1B52A9D4001DB784;
					};
				};
			};
			buildConfigurationList = 428228F61B52A9D4001DB784 /* Build configuration list for PBXProject "DispatcherExample" */;
			compatibilityVersion = "Xcode 3.2";
			developmentRegion = English;
			hasScannedForEncodings = 0;
			knownRegions = (
				en,
				Base,
			);
			mainGroup = 428228F21B52A9D4001DB784;
			productRefGroup = 428228FC1B52A9D4001DB784 /* Products */;
			projectDirPath = "";
			projectRoot = "";
			targets = (
				428228FA1B52A9D4001DB784 /* DispatcherExample */,
				428229161B52AB65001DB784 /* DispatcherExampleTests */,
			);
		};
/* End PBXProject section */

/* Begin PBXResourcesBuildPhase section */
		428228F91B52A9D4001DB784 /* Resources */ = {
			isa = PBXResourcesBuildPhase;
			buildActionMask = 2147483647;
			files = (
				428229091B52A9D4001DB784 /* LaunchScreen.storyboard in Resources */,
				428229061B52A9D4001DB784 /* Assets.xcassets in Resources */,
				428229041B52A9D4001DB784 /* Main.storyboard in Resources */,
			);
			runOnlyForDeploymentPostprocessing = 0;
		};
		428229151B52AB65001DB784 /* Resources */ = {
			isa = PBXResourcesBuildPhase;
			buildActionMask = 2147483647;
			files = (
				42D27E361B558938007DCA59 /* Info.plist in Resources */,
			);
			runOnlyForDeploymentPostprocessing = 0;
		};
/* End PBXResourcesBuildPhase section */

/* Begin PBXSourcesBuildPhase section */
		428228F71B52A9D4001DB784 /* Sources */ = {
			isa = PBXSourcesBuildPhase;
			buildActionMask = 2147483647;
			files = (
				428229011B52A9D4001DB784 /* ViewController.swift in Sources */,
				428228FF1B52A9D4001DB784 /* AppDelegate.swift in Sources */,
				428229121B52AA0D001DB784 /* Dispatcher.swift in Sources */,
			);
			runOnlyForDeploymentPostprocessing = 0;
		};
		428229131B52AB65001DB784 /* Sources */ = {
			isa = PBXSourcesBuildPhase;
			buildActionMask = 2147483647;
			files = (
				428229221B52ABC3001DB784 /* Dispatcher.swift in Sources */,
				42D27E351B558938007DCA59 /* DispatcherExampleTests.swift in Sources */,
			);
			runOnlyForDeploymentPostprocessing = 0;
		};
/* End PBXSourcesBuildPhase section */

/* Begin PBXTargetDependency section */
		4282291D1B52AB65001DB784 /* PBXTargetDependency */ = {
			isa = PBXTargetDependency;
			target = 428228FA1B52A9D4001DB784 /* DispatcherExample */;
			targetProxy = 4282291C1B52AB65001DB784 /* PBXContainerItemProxy */;
		};
/* End PBXTargetDependency section */

/* Begin PBXVariantGroup section */
		428229021B52A9D4001DB784 /* Main.storyboard */ = {
			isa = PBXVariantGroup;
			children = (
				428229031B52A9D4001DB784 /* Base */,
			);
			name = Main.storyboard;
			sourceTree = "<group>";
		};
		428229071B52A9D4001DB784 /* LaunchScreen.storyboard */ = {
			isa = PBXVariantGroup;
			children = (
				428229081B52A9D4001DB784 /* Base */,
			);
			name = LaunchScreen.storyboard;
			sourceTree = "<group>";
		};
/* End PBXVariantGroup section */

/* Begin XCBuildConfiguration section */
		4282290B1B52A9D4001DB784 /* Debug */ = {
			isa = XCBuildConfiguration;
			buildSettings = {
				ALWAYS_SEARCH_USER_PATHS = NO;
				CLANG_CXX_LANGUAGE_STANDARD = "gnu++0x";
				CLANG_CXX_LIBRARY = "libc++";
				CLANG_ENABLE_MODULES = YES;
				CLANG_ENABLE_OBJC_ARC = YES;
				CLANG_WARN_BOOL_CONVERSION = YES;
				CLANG_WARN_CONSTANT_CONVERSION = YES;
				CLANG_WARN_DIRECT_OBJC_ISA_USAGE = YES_ERROR;
				CLANG_WARN_EMPTY_BODY = YES;
				CLANG_WARN_ENUM_CONVERSION = YES;
				CLANG_WARN_INT_CONVERSION = YES;
				CLANG_WARN_OBJC_ROOT_CLASS = YES_ERROR;
				CLANG_WARN_UNREACHABLE_CODE = YES;
				CLANG_WARN__DUPLICATE_METHOD_MATCH = YES;
				"CODE_SIGN_IDENTITY[sdk=iphoneos*]" = "iPhone Developer";
				COPY_PHASE_STRIP = NO;
				DEBUG_INFORMATION_FORMAT = dwarf;
				ENABLE_STRICT_OBJC_MSGSEND = YES;
				ENABLE_TESTABILITY = YES;
				GCC_C_LANGUAGE_STANDARD = gnu99;
				GCC_DYNAMIC_NO_PIC = NO;
				GCC_NO_COMMON_BLOCKS = YES;
				GCC_OPTIMIZATION_LEVEL = 0;
				GCC_PREPROCESSOR_DEFINITIONS = (
					"DEBUG=1",
					"$(inherited)",
				);
				GCC_WARN_64_TO_32_BIT_CONVERSION = YES;
				GCC_WARN_ABOUT_RETURN_TYPE = YES_ERROR;
				GCC_WARN_UNDECLARED_SELECTOR = YES;
				GCC_WARN_UNINITIALIZED_AUTOS = YES_AGGRESSIVE;
				GCC_WARN_UNUSED_FUNCTION = YES;
				GCC_WARN_UNUSED_VARIABLE = YES;
				IPHONEOS_DEPLOYMENT_TARGET = 9.0;
				MTL_ENABLE_DEBUG_INFO = YES;
				ONLY_ACTIVE_ARCH = YES;
				SDKROOT = iphoneos;
				SWIFT_OPTIMIZATION_LEVEL = "-Onone";
				TARGETED_DEVICE_FAMILY = "1,2";
			};
			name = Debug;
		};
		4282290C1B52A9D4001DB784 /* Release */ = {
			isa = XCBuildConfiguration;
			buildSettings = {
				ALWAYS_SEARCH_USER_PATHS = NO;
				CLANG_CXX_LANGUAGE_STANDARD = "gnu++0x";
				CLANG_CXX_LIBRARY = "libc++";
				CLANG_ENABLE_MODULES = YES;
				CLANG_ENABLE_OBJC_ARC = YES;
				CLANG_WARN_BOOL_CONVERSION = YES;
				CLANG_WARN_CONSTANT_CONVERSION = YES;
				CLANG_WARN_DIRECT_OBJC_ISA_USAGE = YES_ERROR;
				CLANG_WARN_EMPTY_BODY = YES;
				CLANG_WARN_ENUM_CONVERSION = YES;
				CLANG_WARN_INT_CONVERSION = YES;
				CLANG_WARN_OBJC_ROOT_CLASS = YES_ERROR;
				CLANG_WARN_UNREACHABLE_CODE = YES;
				CLANG_WARN__DUPLICATE_METHOD_MATCH = YES;
				"CODE_SIGN_IDENTITY[sdk=iphoneos*]" = "iPhone Developer";
				COPY_PHASE_STRIP = NO;
				DEBUG_INFORMATION_FORMAT = "dwarf-with-dsym";
				ENABLE_NS_ASSERTIONS = NO;
				ENABLE_STRICT_OBJC_MSGSEND = YES;
				GCC_C_LANGUAGE_STANDARD = gnu99;
				GCC_NO_COMMON_BLOCKS = YES;
				GCC_WARN_64_TO_32_BIT_CONVERSION = YES;
				GCC_WARN_ABOUT_RETURN_TYPE = YES_ERROR;
				GCC_WARN_UNDECLARED_SELECTOR = YES;
				GCC_WARN_UNINITIALIZED_AUTOS = YES_AGGRESSIVE;
				GCC_WARN_UNUSED_FUNCTION = YES;
				GCC_WARN_UNUSED_VARIABLE = YES;
				IPHONEOS_DEPLOYMENT_TARGET = 9.0;
				MTL_ENABLE_DEBUG_INFO = NO;
				SDKROOT = iphoneos;
				TARGETED_DEVICE_FAMILY = "1,2";
				VALIDATE_PRODUCT = YES;
			};
			name = Release;
		};
		4282290E1B52A9D4001DB784 /* Debug */ = {
			isa = XCBuildConfiguration;
			buildSettings = {
				ASSETCATALOG_COMPILER_APPICON_NAME = AppIcon;
				INFOPLIST_FILE = DispatcherExample/Info.plist;
				LD_RUNPATH_SEARCH_PATHS = "$(inherited) @executable_path/Frameworks";
				PRODUCT_BUNDLE_IDENTIFIER = com.brnbw.DispatcherExample;
				PRODUCT_NAME = "$(TARGET_NAME)";
			};
			name = Debug;
		};
		4282290F1B52A9D4001DB784 /* Release */ = {
			isa = XCBuildConfiguration;
			buildSettings = {
				ASSETCATALOG_COMPILER_APPICON_NAME = AppIcon;
				INFOPLIST_FILE = DispatcherExample/Info.plist;
				LD_RUNPATH_SEARCH_PATHS = "$(inherited) @executable_path/Frameworks";
				PRODUCT_BUNDLE_IDENTIFIER = com.brnbw.DispatcherExample;
				PRODUCT_NAME = "$(TARGET_NAME)";
			};
			name = Release;
		};
		4282291F1B52AB65001DB784 /* Debug */ = {
			isa = XCBuildConfiguration;
			buildSettings = {
				BUNDLE_LOADER = "$(TEST_HOST)";
				INFOPLIST_FILE = ../Tests/Info.plist;
				LD_RUNPATH_SEARCH_PATHS = "$(inherited) @executable_path/Frameworks @loader_path/Frameworks";
				PRODUCT_BUNDLE_IDENTIFIER = com.brnbw.DispatcherExampleTests;
				PRODUCT_NAME = "$(TARGET_NAME)";
				TEST_HOST = "$(BUILT_PRODUCTS_DIR)/DispatcherExample.app/DispatcherExample";
			};
			name = Debug;
		};
		428229201B52AB65001DB784 /* Release */ = {
			isa = XCBuildConfiguration;
			buildSettings = {
				BUNDLE_LOADER = "$(TEST_HOST)";
				INFOPLIST_FILE = ../Tests/Info.plist;
				LD_RUNPATH_SEARCH_PATHS = "$(inherited) @executable_path/Frameworks @loader_path/Frameworks";
				PRODUCT_BUNDLE_IDENTIFIER = com.brnbw.DispatcherExampleTests;
				PRODUCT_NAME = "$(TARGET_NAME)";
				TEST_HOST = "$(BUILT_PRODUCTS_DIR)/DispatcherExample.app/DispatcherExample";
			};
			name = Release;
		};
/* End XCBuildConfiguration section */

/* Begin XCConfigurationList section */
		428228F61B52A9D4001DB784 /* Build configuration list for PBXProject "DispatcherExample" */ = {
			isa = XCConfigurationList;
			buildConfigurations = (
				4282290B1B52A9D4001DB784 /* Debug */,
				4282290C1B52A9D4001DB784 /* Release */,
			);
			defaultConfigurationIsVisible = 0;
			defaultConfigurationName = Release;
		};
		4282290D1B52A9D4001DB784 /* Build configuration list for PBXNativeTarget "DispatcherExample" */ = {
			isa = XCConfigurationList;
			buildConfigurations = (
				4282290E1B52A9D4001DB784 /* Debug */,
				4282290F1B52A9D4001DB784 /* Release */,
			);
			defaultConfigurationIsVisible = 0;
			defaultConfigurationName = Release;
		};
		4282291E1B52AB65001DB784 /* Build configuration list for PBXNativeTarget "DispatcherExampleTests" */ = {
			isa = XCConfigurationList;
			buildConfigurations = (
				4282291F1B52AB65001DB784 /* Debug */,
				428229201B52AB65001DB784 /* Release */,
			);
			defaultConfigurationIsVisible = 0;
			defaultConfigurationName = Release;
		};
/* End XCConfigurationList section */
	};
	rootObject = 428228F31B52A9D4001DB784 /* Project object */;
}
